{
  "requires": true,
  "lockfileVersion": 1,
  "dependencies": {
    "assert-plus": {
      "version": "1.0.0",
      "resolved": "https://registry.npmjs.org/assert-plus/-/assert-plus-1.0.0.tgz",
      "integrity": "sha1-8S4PPF13sLHN2RRpQuTpbB5N1SU="
    },
    "buefy": {
      "version": "0.5.0",
      "resolved": "https://registry.npmjs.org/buefy/-/buefy-0.5.0.tgz",
      "integrity": "sha512-dEVPw43FAHHVxzjaSQ2aHn6FwjgkoBsMB7qJfs+h9GqDVcCJBfphF+ak5mosWrxsZbIpM6aOqb+efvVs+GgFMQ==",
      "requires": {
        "bulma": "0.5.1",
        "vue": "2.4.2"
      }
    },
    "bulma": {
      "version": "0.5.1",
      "resolved": "https://registry.npmjs.org/bulma/-/bulma-0.5.1.tgz",
      "integrity": "sha1-2ygxyUr+cyJQx7ElJ6e3kqTcnvg="
    },
    "font-awesome": {
      "version": "4.7.0",
      "resolved": "https://registry.npmjs.org/font-awesome/-/font-awesome-4.7.0.tgz",
      "integrity": "sha1-j6jPBBGhoxr9B7BtKQK7n8gVoTM="
    },
    "getpass": {
      "version": "0.1.7",
      "resolved": "https://registry.npmjs.org/getpass/-/getpass-0.1.7.tgz",
      "integrity": "sha1-Xv+OPmhNVprkyysSgmBOi6YhSfo=",
      "requires": {
        "assert-plus": "1.0.0"
      }
    },
    "lodash": {
      "version": "4.17.4",
      "resolved": "https://registry.npmjs.org/lodash/-/lodash-4.17.4.tgz",
      "integrity": "sha1-eCA6TRwyiuHYbcpkYONptX9AVa4=",
      "dev": true
    },
    "vue": {
      "version": "2.4.2",
      "resolved": "https://registry.npmjs.org/vue/-/vue-2.4.2.tgz",
      "integrity": "sha512-GB5r+CsrCHIB1PoXt4wgBienjF3WGYOIaTK27tDk96sZxpL5RwRrsi9I3ECwFt8x8qAmxT2xk1vsY2Vpcn9nIw=="
    }
  }
}
